// !$*UTF8*$!
{
	archiveVersion = 1;
	classes = {
	};
	objectVersion = 46;
	objects = {

/* Begin PBXBuildFile section */
		EC4639AA1A801D3800A5DAE0 /* main.m in Sources */ = {isa = PBXBuildFile; fileRef = EC4639A91A801D3800A5DAE0 /* main.m */; };
		EC4639AD1A801D3800A5DAE0 /* AppDelegate.m in Sources */ = {isa = PBXBuildFile; fileRef = EC4639AC1A801D3800A5DAE0 /* AppDelegate.m */; };
		EC4639B31A801D3800A5DAE0 /* Main.storyboard in Resources */ = {isa = PBXBuildFile; fileRef = EC4639B11A801D3800A5DAE0 /* Main.storyboard */; };
		EC4639B51A801D3800A5DAE0 /* Images.xcassets in Resources */ = {isa = PBXBuildFile; fileRef = EC4639B41A801D3800A5DAE0 /* Images.xcassets */; };
		EC4639B81A801D3800A5DAE0 /* LaunchScreen.xib in Resources */ = {isa = PBXBuildFile; fileRef = EC4639B61A801D3800A5DAE0 /* LaunchScreen.xib */; };
		EC4639C41A801D3800A5DAE0 /* Location_RemindersTests.m in Sources */ = {isa = PBXBuildFile; fileRef = EC4639C31A801D3800A5DAE0 /* Location_RemindersTests.m */; };
		EC4639CF1A801F4300A5DAE0 /* MapViewController.m in Sources */ = {isa = PBXBuildFile; fileRef = EC4639CE1A801F4300A5DAE0 /* MapViewController.m */; };
		EC4639D11A80211E00A5DAE0 /* MapKit.framework in Frameworks */ = {isa = PBXBuildFile; fileRef = EC4639D01A80211E00A5DAE0 /* MapKit.framework */; };
		EC4639D41A8037A900A5DAE0 /* Queue.m in Sources */ = {isa = PBXBuildFile; fileRef = EC4639D31A8037A900A5DAE0 /* Queue.m */; };
		EC4639D71A8038D700A5DAE0 /* Stack.m in Sources */ = {isa = PBXBuildFile; fileRef = EC4639D61A8038D700A5DAE0 /* Stack.m */; };
		EC4639D91A817DAC00A5DAE0 /* AustinJackson.png in Resources */ = {isa = PBXBuildFile; fileRef = EC4639D81A817DAC00A5DAE0 /* AustinJackson.png */; };
		EC4639DC1A82B6A700A5DAE0 /* AddReminderViewController.m in Sources */ = {isa = PBXBuildFile; fileRef = EC4639DB1A82B6A700A5DAE0 /* AddReminderViewController.m */; };
		ECCA4D4B1A840A62001B4D5F /* InterfaceController.m in Sources */ = {isa = PBXBuildFile; fileRef = ECCA4D4A1A840A62001B4D5F /* InterfaceController.m */; };
		ECCA4D4E1A840A62001B4D5F /* NotificationController.m in Sources */ = {isa = PBXBuildFile; fileRef = ECCA4D4D1A840A62001B4D5F /* NotificationController.m */; };
		ECCA4D511A840A62001B4D5F /* GlanceController.m in Sources */ = {isa = PBXBuildFile; fileRef = ECCA4D501A840A62001B4D5F /* GlanceController.m */; };
		ECCA4D531A840A62001B4D5F /* Images.xcassets in Resources */ = {isa = PBXBuildFile; fileRef = ECCA4D521A840A62001B4D5F /* Images.xcassets */; };
		ECCA4D571A840A62001B4D5F /* Location_Reminders WatchKit App.app in Resources */ = {isa = PBXBuildFile; fileRef = ECCA4D561A840A62001B4D5F /* Location_Reminders WatchKit App.app */; };
		ECCA4D5F1A840A62001B4D5F /* Interface.storyboard in Resources */ = {isa = PBXBuildFile; fileRef = ECCA4D5D1A840A62001B4D5F /* Interface.storyboard */; };
		ECCA4D611A840A62001B4D5F /* Images.xcassets in Resources */ = {isa = PBXBuildFile; fileRef = ECCA4D601A840A62001B4D5F /* Images.xcassets */; };
		ECCA4D641A840A62001B4D5F /* Location_Reminders WatchKit Extension.appex in Embed App Extensions */ = {isa = PBXBuildFile; fileRef = ECCA4D441A840A62001B4D5F /* Location_Reminders WatchKit Extension.appex */; settings = {ATTRIBUTES = (RemoveHeadersOnCopy, ); }; };
/* End PBXBuildFile section */

/* Begin PBXContainerItemProxy section */
		EC4639BE1A801D3800A5DAE0 /* PBXContainerItemProxy */ = {
			isa = PBXContainerItemProxy;
			containerPortal = EC46399C1A801D3800A5DAE0 /* Project object */;
			proxyType = 1;
			remoteGlobalIDString = EC4639A31A801D3800A5DAE0;
			remoteInfo = Location_Reminders;
		};
		ECCA4D581A840A62001B4D5F /* PBXContainerItemProxy */ = {
			isa = PBXContainerItemProxy;
			containerPortal = EC46399C1A801D3800A5DAE0 /* Project object */;
			proxyType = 1;
			remoteGlobalIDString = ECCA4D551A840A62001B4D5F;
			remoteInfo = "Location_Reminders WatchKit App";
		};
		ECCA4D621A840A62001B4D5F /* PBXContainerItemProxy */ = {
			isa = PBXContainerItemProxy;
			containerPortal = EC46399C1A801D3800A5DAE0 /* Project object */;
			proxyType = 1;
			remoteGlobalIDString = ECCA4D431A840A62001B4D5F;
			remoteInfo = "Location_Reminders WatchKit Extension";
		};
/* End PBXContainerItemProxy section */

/* Begin PBXCopyFilesBuildPhase section */
		ECCA4D6B1A840A62001B4D5F /* Embed App Extensions */ = {
			isa = PBXCopyFilesBuildPhase;
			buildActionMask = 2147483647;
			dstPath = "";
			dstSubfolderSpec = 13;
			files = (
				ECCA4D641A840A62001B4D5F /* Location_Reminders WatchKit Extension.appex in Embed App Extensions */,
			);
			name = "Embed App Extensions";
			runOnlyForDeploymentPostprocessing = 0;
		};
/* End PBXCopyFilesBuildPhase section */

/* Begin PBXFileReference section */
		EC4639A41A801D3800A5DAE0 /* Location_Reminders.app */ = {isa = PBXFileReference; explicitFileType = wrapper.application; includeInIndex = 0; path = Location_Reminders.app; sourceTree = BUILT_PRODUCTS_DIR; };
		EC4639A81A801D3800A5DAE0 /* Info.plist */ = {isa = PBXFileReference; lastKnownFileType = text.plist.xml; path = Info.plist; sourceTree = "<group>"; };
		EC4639A91A801D3800A5DAE0 /* main.m */ = {isa = PBXFileReference; lastKnownFileType = sourcecode.c.objc; path = main.m; sourceTree = "<group>"; };
		EC4639AB1A801D3800A5DAE0 /* AppDelegate.h */ = {isa = PBXFileReference; lastKnownFileType = sourcecode.c.h; path = AppDelegate.h; sourceTree = "<group>"; };
		EC4639AC1A801D3800A5DAE0 /* AppDelegate.m */ = {isa = PBXFileReference; lastKnownFileType = sourcecode.c.objc; path = AppDelegate.m; sourceTree = "<group>"; };
		EC4639B21A801D3800A5DAE0 /* Base */ = {isa = PBXFileReference; lastKnownFileType = file.storyboard; name = Base; path = Base.lproj/Main.storyboard; sourceTree = "<group>"; };
		EC4639B41A801D3800A5DAE0 /* Images.xcassets */ = {isa = PBXFileReference; lastKnownFileType = folder.assetcatalog; path = Images.xcassets; sourceTree = "<group>"; };
		EC4639B71A801D3800A5DAE0 /* Base */ = {isa = PBXFileReference; lastKnownFileType = file.xib; name = Base; path = Base.lproj/LaunchScreen.xib; sourceTree = "<group>"; };
		EC4639BD1A801D3800A5DAE0 /* Location_RemindersTests.xctest */ = {isa = PBXFileReference; explicitFileType = wrapper.cfbundle; includeInIndex = 0; path = Location_RemindersTests.xctest; sourceTree = BUILT_PRODUCTS_DIR; };
		EC4639C21A801D3800A5DAE0 /* Info.plist */ = {isa = PBXFileReference; lastKnownFileType = text.plist.xml; path = Info.plist; sourceTree = "<group>"; };
		EC4639C31A801D3800A5DAE0 /* Location_RemindersTests.m */ = {isa = PBXFileReference; lastKnownFileType = sourcecode.c.objc; path = Location_RemindersTests.m; sourceTree = "<group>"; };
		EC4639CD1A801F4300A5DAE0 /* MapViewController.h */ = {isa = PBXFileReference; fileEncoding = 4; lastKnownFileType = sourcecode.c.h; path = MapViewController.h; sourceTree = "<group>"; };
		EC4639CE1A801F4300A5DAE0 /* MapViewController.m */ = {isa = PBXFileReference; fileEncoding = 4; lastKnownFileType = sourcecode.c.objc; path = MapViewController.m; sourceTree = "<group>"; };
		EC4639D01A80211E00A5DAE0 /* MapKit.framework */ = {isa = PBXFileReference; lastKnownFileType = wrapper.framework; name = MapKit.framework; path = System/Library/Frameworks/MapKit.framework; sourceTree = SDKROOT; };
		EC4639D21A8037A900A5DAE0 /* Queue.h */ = {isa = PBXFileReference; fileEncoding = 4; lastKnownFileType = sourcecode.c.h; path = Queue.h; sourceTree = "<group>"; };
		EC4639D31A8037A900A5DAE0 /* Queue.m */ = {isa = PBXFileReference; fileEncoding = 4; lastKnownFileType = sourcecode.c.objc; path = Queue.m; sourceTree = "<group>"; };
		EC4639D51A8038D700A5DAE0 /* Stack.h */ = {isa = PBXFileReference; fileEncoding = 4; lastKnownFileType = sourcecode.c.h; path = Stack.h; sourceTree = "<group>"; };
		EC4639D61A8038D700A5DAE0 /* Stack.m */ = {isa = PBXFileReference; fileEncoding = 4; lastKnownFileType = sourcecode.c.objc; path = Stack.m; sourceTree = "<group>"; };
		EC4639D81A817DAC00A5DAE0 /* AustinJackson.png */ = {isa = PBXFileReference; lastKnownFileType = image.png; path = AustinJackson.png; sourceTree = "<group>"; };
		EC4639DA1A82B6A700A5DAE0 /* AddReminderViewController.h */ = {isa = PBXFileReference; fileEncoding = 4; lastKnownFileType = sourcecode.c.h; name = AddReminderViewController.h; path = ../AddReminderViewController.h; sourceTree = "<group>"; };
		EC4639DB1A82B6A700A5DAE0 /* AddReminderViewController.m */ = {isa = PBXFileReference; fileEncoding = 4; lastKnownFileType = sourcecode.c.objc; name = AddReminderViewController.m; path = ../AddReminderViewController.m; sourceTree = "<group>"; };
		ECCA4D441A840A62001B4D5F /* Location_Reminders WatchKit Extension.appex */ = {isa = PBXFileReference; explicitFileType = "wrapper.app-extension"; includeInIndex = 0; path = "Location_Reminders WatchKit Extension.appex"; sourceTree = BUILT_PRODUCTS_DIR; };
		ECCA4D471A840A62001B4D5F /* Info.plist */ = {isa = PBXFileReference; lastKnownFileType = text.plist.xml; path = Info.plist; sourceTree = "<group>"; };
		ECCA4D481A840A62001B4D5F /* PushNotificationPayload.apns */ = {isa = PBXFileReference; lastKnownFileType = text; path = PushNotificationPayload.apns; sourceTree = "<group>"; };
		ECCA4D491A840A62001B4D5F /* InterfaceController.h */ = {isa = PBXFileReference; lastKnownFileType = sourcecode.c.h; path = InterfaceController.h; sourceTree = "<group>"; };
		ECCA4D4A1A840A62001B4D5F /* InterfaceController.m */ = {isa = PBXFileReference; lastKnownFileType = sourcecode.c.objc; path = InterfaceController.m; sourceTree = "<group>"; };
		ECCA4D4C1A840A62001B4D5F /* NotificationController.h */ = {isa = PBXFileReference; lastKnownFileType = sourcecode.c.h; path = NotificationController.h; sourceTree = "<group>"; };
		ECCA4D4D1A840A62001B4D5F /* NotificationController.m */ = {isa = PBXFileReference; lastKnownFileType = sourcecode.c.objc; path = NotificationController.m; sourceTree = "<group>"; };
		ECCA4D4F1A840A62001B4D5F /* GlanceController.h */ = {isa = PBXFileReference; lastKnownFileType = sourcecode.c.h; path = GlanceController.h; sourceTree = "<group>"; };
		ECCA4D501A840A62001B4D5F /* GlanceController.m */ = {isa = PBXFileReference; lastKnownFileType = sourcecode.c.objc; path = GlanceController.m; sourceTree = "<group>"; };
		ECCA4D521A840A62001B4D5F /* Images.xcassets */ = {isa = PBXFileReference; lastKnownFileType = folder.assetcatalog; path = Images.xcassets; sourceTree = "<group>"; };
		ECCA4D561A840A62001B4D5F /* Location_Reminders WatchKit App.app */ = {isa = PBXFileReference; explicitFileType = wrapper.application; includeInIndex = 0; path = "Location_Reminders WatchKit App.app"; sourceTree = BUILT_PRODUCTS_DIR; };
		ECCA4D5C1A840A62001B4D5F /* Info.plist */ = {isa = PBXFileReference; lastKnownFileType = text.plist.xml; path = Info.plist; sourceTree = "<group>"; };
		ECCA4D5E1A840A62001B4D5F /* Base */ = {isa = PBXFileReference; lastKnownFileType = file.storyboard; name = Base; path = Base.lproj/Interface.storyboard; sourceTree = "<group>"; };
		ECCA4D601A840A62001B4D5F /* Images.xcassets */ = {isa = PBXFileReference; lastKnownFileType = folder.assetcatalog; path = Images.xcassets; sourceTree = "<group>"; };
		ECCA4D6E1A840D78001B4D5F /* ReminderRowController.h */ = {isa = PBXFileReference; fileEncoding = 4; lastKnownFileType = sourcecode.c.h; name = ReminderRowController.h; path = ../ReminderRowController.h; sourceTree = "<group>"; };
		ECCA4D6F1A840D78001B4D5F /* ReminderRowController.m */ = {isa = PBXFileReference; fileEncoding = 4; lastKnownFileType = sourcecode.c.objc; name = ReminderRowController.m; path = ../ReminderRowController.m; sourceTree = "<group>"; };
/* End PBXFileReference section */

/* Begin PBXFrameworksBuildPhase section */
		EC4639A11A801D3800A5DAE0 /* Frameworks */ = {
			isa = PBXFrameworksBuildPhase;
			buildActionMask = 2147483647;
			files = (
				EC4639D11A80211E00A5DAE0 /* MapKit.framework in Frameworks */,
			);
			runOnlyForDeploymentPostprocessing = 0;
		};
		EC4639BA1A801D3800A5DAE0 /* Frameworks */ = {
			isa = PBXFrameworksBuildPhase;
			buildActionMask = 2147483647;
			files = (
			);
			runOnlyForDeploymentPostprocessing = 0;
		};
		ECCA4D411A840A62001B4D5F /* Frameworks */ = {
			isa = PBXFrameworksBuildPhase;
			buildActionMask = 2147483647;
			files = (
			);
			runOnlyForDeploymentPostprocessing = 0;
		};
/* End PBXFrameworksBuildPhase section */

/* Begin PBXGroup section */
		EC46399B1A801D3800A5DAE0 = {
			isa = PBXGroup;
			children = (
				EC4639D01A80211E00A5DAE0 /* MapKit.framework */,
				EC4639A61A801D3800A5DAE0 /* Location_Reminders */,
				EC4639C01A801D3800A5DAE0 /* Location_RemindersTests */,
				ECCA4D451A840A62001B4D5F /* Location_Reminders WatchKit Extension */,
				ECCA4D5A1A840A62001B4D5F /* Location_Reminders WatchKit App */,
				EC4639A51A801D3800A5DAE0 /* Products */,
			);
			sourceTree = "<group>";
		};
		EC4639A51A801D3800A5DAE0 /* Products */ = {
			isa = PBXGroup;
			children = (
				EC4639A41A801D3800A5DAE0 /* Location_Reminders.app */,
				EC4639BD1A801D3800A5DAE0 /* Location_RemindersTests.xctest */,
				ECCA4D441A840A62001B4D5F /* Location_Reminders WatchKit Extension.appex */,
				ECCA4D561A840A62001B4D5F /* Location_Reminders WatchKit App.app */,
			);
			name = Products;
			sourceTree = "<group>";
		};
		EC4639A61A801D3800A5DAE0 /* Location_Reminders */ = {
			isa = PBXGroup;
			children = (
				EC4639AB1A801D3800A5DAE0 /* AppDelegate.h */,
				EC4639AC1A801D3800A5DAE0 /* AppDelegate.m */,
				EC4639D51A8038D700A5DAE0 /* Stack.h */,
				EC4639D61A8038D700A5DAE0 /* Stack.m */,
				EC4639D21A8037A900A5DAE0 /* Queue.h */,
				EC4639D31A8037A900A5DAE0 /* Queue.m */,
				EC4639CD1A801F4300A5DAE0 /* MapViewController.h */,
				EC4639CE1A801F4300A5DAE0 /* MapViewController.m */,
				EC4639DA1A82B6A700A5DAE0 /* AddReminderViewController.h */,
				EC4639DB1A82B6A700A5DAE0 /* AddReminderViewController.m */,
				EC4639B11A801D3800A5DAE0 /* Main.storyboard */,
				EC4639D81A817DAC00A5DAE0 /* AustinJackson.png */,
				EC4639B41A801D3800A5DAE0 /* Images.xcassets */,
				EC4639B61A801D3800A5DAE0 /* LaunchScreen.xib */,
				EC4639A71A801D3800A5DAE0 /* Supporting Files */,
			);
			path = Location_Reminders;
			sourceTree = "<group>";
		};
		EC4639A71A801D3800A5DAE0 /* Supporting Files */ = {
			isa = PBXGroup;
			children = (
				EC4639A81A801D3800A5DAE0 /* Info.plist */,
				EC4639A91A801D3800A5DAE0 /* main.m */,
			);
			name = "Supporting Files";
			sourceTree = "<group>";
		};
		EC4639C01A801D3800A5DAE0 /* Location_RemindersTests */ = {
			isa = PBXGroup;
			children = (
				EC4639C31A801D3800A5DAE0 /* Location_RemindersTests.m */,
				EC4639C11A801D3800A5DAE0 /* Supporting Files */,
			);
			path = Location_RemindersTests;
			sourceTree = "<group>";
		};
		EC4639C11A801D3800A5DAE0 /* Supporting Files */ = {
			isa = PBXGroup;
			children = (
				EC4639C21A801D3800A5DAE0 /* Info.plist */,
			);
			name = "Supporting Files";
			sourceTree = "<group>";
		};
		ECCA4D451A840A62001B4D5F /* Location_Reminders WatchKit Extension */ = {
			isa = PBXGroup;
			children = (
				ECCA4D491A840A62001B4D5F /* InterfaceController.h */,
				ECCA4D4A1A840A62001B4D5F /* InterfaceController.m */,
				ECCA4D4C1A840A62001B4D5F /* NotificationController.h */,
				ECCA4D4D1A840A62001B4D5F /* NotificationController.m */,
				ECCA4D6E1A840D78001B4D5F /* ReminderRowController.h */,
				ECCA4D6F1A840D78001B4D5F /* ReminderRowController.m */,
				ECCA4D4F1A840A62001B4D5F /* GlanceController.h */,
				ECCA4D501A840A62001B4D5F /* GlanceController.m */,
				ECCA4D521A840A62001B4D5F /* Images.xcassets */,
				ECCA4D461A840A62001B4D5F /* Supporting Files */,
			);
			path = "Location_Reminders WatchKit Extension";
			sourceTree = "<group>";
		};
		ECCA4D461A840A62001B4D5F /* Supporting Files */ = {
			isa = PBXGroup;
			children = (
				ECCA4D471A840A62001B4D5F /* Info.plist */,
				ECCA4D481A840A62001B4D5F /* PushNotificationPayload.apns */,
			);
			name = "Supporting Files";
			sourceTree = "<group>";
		};
		ECCA4D5A1A840A62001B4D5F /* Location_Reminders WatchKit App */ = {
			isa = PBXGroup;
			children = (
				ECCA4D5D1A840A62001B4D5F /* Interface.storyboard */,
				ECCA4D601A840A62001B4D5F /* Images.xcassets */,
				ECCA4D5B1A840A62001B4D5F /* Supporting Files */,
			);
			path = "Location_Reminders WatchKit App";
			sourceTree = "<group>";
		};
		ECCA4D5B1A840A62001B4D5F /* Supporting Files */ = {
			isa = PBXGroup;
			children = (
				ECCA4D5C1A840A62001B4D5F /* Info.plist */,
			);
			name = "Supporting Files";
			sourceTree = "<group>";
		};
/* End PBXGroup section */

/* Begin PBXNativeTarget section */
		EC4639A31A801D3800A5DAE0 /* Location_Reminders */ = {
			isa = PBXNativeTarget;
			buildConfigurationList = EC4639C71A801D3800A5DAE0 /* Build configuration list for PBXNativeTarget "Location_Reminders" */;
			buildPhases = (
				EC4639A01A801D3800A5DAE0 /* Sources */,
				EC4639A11A801D3800A5DAE0 /* Frameworks */,
				EC4639A21A801D3800A5DAE0 /* Resources */,
				ECCA4D6B1A840A62001B4D5F /* Embed App Extensions */,
			);
			buildRules = (
			);
			dependencies = (
				ECCA4D631A840A62001B4D5F /* PBXTargetDependency */,
			);
			name = Location_Reminders;
			productName = Location_Reminders;
			productReference = EC4639A41A801D3800A5DAE0 /* Location_Reminders.app */;
			productType = "com.apple.product-type.application";
		};
		EC4639BC1A801D3800A5DAE0 /* Location_RemindersTests */ = {
			isa = PBXNativeTarget;
			buildConfigurationList = EC4639CA1A801D3800A5DAE0 /* Build configuration list for PBXNativeTarget "Location_RemindersTests" */;
			buildPhases = (
				EC4639B91A801D3800A5DAE0 /* Sources */,
				EC4639BA1A801D3800A5DAE0 /* Frameworks */,
				EC4639BB1A801D3800A5DAE0 /* Resources */,
			);
			buildRules = (
			);
			dependencies = (
				EC4639BF1A801D3800A5DAE0 /* PBXTargetDependency */,
			);
			name = Location_RemindersTests;
			productName = Location_RemindersTests;
			productReference = EC4639BD1A801D3800A5DAE0 /* Location_RemindersTests.xctest */;
			productType = "com.apple.product-type.bundle.unit-test";
		};
		ECCA4D431A840A62001B4D5F /* Location_Reminders WatchKit Extension */ = {
			isa = PBXNativeTarget;
			buildConfigurationList = ECCA4D6A1A840A62001B4D5F /* Build configuration list for PBXNativeTarget "Location_Reminders WatchKit Extension" */;
			buildPhases = (
				ECCA4D401A840A62001B4D5F /* Sources */,
				ECCA4D411A840A62001B4D5F /* Frameworks */,
				ECCA4D421A840A62001B4D5F /* Resources */,
			);
			buildRules = (
			);
			dependencies = (
				ECCA4D591A840A62001B4D5F /* PBXTargetDependency */,
			);
			name = "Location_Reminders WatchKit Extension";
			productName = "Location_Reminders WatchKit Extension";
			productReference = ECCA4D441A840A62001B4D5F /* Location_Reminders WatchKit Extension.appex */;
			productType = "com.apple.product-type.watchkit-extension";
		};
		ECCA4D551A840A62001B4D5F /* Location_Reminders WatchKit App */ = {
			isa = PBXNativeTarget;
			buildConfigurationList = ECCA4D691A840A62001B4D5F /* Build configuration list for PBXNativeTarget "Location_Reminders WatchKit App" */;
			buildPhases = (
				ECCA4D541A840A62001B4D5F /* Resources */,
			);
			buildRules = (
			);
			dependencies = (
			);
			name = "Location_Reminders WatchKit App";
			productName = "Location_Reminders WatchKit App";
			productReference = ECCA4D561A840A62001B4D5F /* Location_Reminders WatchKit App.app */;
			productType = "com.apple.product-type.application.watchapp";
		};
/* End PBXNativeTarget section */

/* Begin PBXProject section */
		EC46399C1A801D3800A5DAE0 /* Project object */ = {
			isa = PBXProject;
			attributes = {
				LastUpgradeCheck = 0610;
				ORGANIZATIONNAME = pLandin;
				TargetAttributes = {
					EC4639A31A801D3800A5DAE0 = {
						CreatedOnToolsVersion = 6.1.1;
						SystemCapabilities = {
							com.apple.Maps.iOS = {
								enabled = 1;
							};
						};
					};
					EC4639BC1A801D3800A5DAE0 = {
						CreatedOnToolsVersion = 6.1.1;
						TestTargetID = EC4639A31A801D3800A5DAE0;
					};
					ECCA4D431A840A62001B4D5F = {
						CreatedOnToolsVersion = 6.2;
					};
					ECCA4D551A840A62001B4D5F = {
						CreatedOnToolsVersion = 6.2;
					};
				};
			};
			buildConfigurationList = EC46399F1A801D3800A5DAE0 /* Build configuration list for PBXProject "Location_Reminders" */;
			compatibilityVersion = "Xcode 3.2";
			developmentRegion = English;
			hasScannedForEncodings = 0;
			knownRegions = (
				en,
				Base,
			);
			mainGroup = EC46399B1A801D3800A5DAE0;
			productRefGroup = EC4639A51A801D3800A5DAE0 /* Products */;
			projectDirPath = "";
			projectRoot = "";
			targets = (
				EC4639A31A801D3800A5DAE0 /* Location_Reminders */,
				EC4639BC1A801D3800A5DAE0 /* Location_RemindersTests */,
				ECCA4D431A840A62001B4D5F /* Location_Reminders WatchKit Extension */,
				ECCA4D551A840A62001B4D5F /* Location_Reminders WatchKit App */,
			);
		};
/* End PBXProject section */

/* Begin PBXResourcesBuildPhase section */
		EC4639A21A801D3800A5DAE0 /* Resources */ = {
			isa = PBXResourcesBuildPhase;
			buildActionMask = 2147483647;
			files = (
				EC4639B31A801D3800A5DAE0 /* Main.storyboard in Resources */,
				EC4639D91A817DAC00A5DAE0 /* AustinJackson.png in Resources */,
				EC4639B81A801D3800A5DAE0 /* LaunchScreen.xib in Resources */,
				EC4639B51A801D3800A5DAE0 /* Images.xcassets in Resources */,
			);
			runOnlyForDeploymentPostprocessing = 0;
		};
		EC4639BB1A801D3800A5DAE0 /* Resources */ = {
			isa = PBXResourcesBuildPhase;
			buildActionMask = 2147483647;
			files = (
			);
			runOnlyForDeploymentPostprocessing = 0;
		};
		ECCA4D421A840A62001B4D5F /* Resources */ = {
			isa = PBXResourcesBuildPhase;
			buildActionMask = 2147483647;
			files = (
				ECCA4D531A840A62001B4D5F /* Images.xcassets in Resources */,
				ECCA4D571A840A62001B4D5F /* Location_Reminders WatchKit App.app in Resources */,
			);
			runOnlyForDeploymentPostprocessing = 0;
		};
		ECCA4D541A840A62001B4D5F /* Resources */ = {
			isa = PBXResourcesBuildPhase;
			buildActionMask = 2147483647;
			files = (
				ECCA4D5F1A840A62001B4D5F /* Interface.storyboard in Resources */,
				ECCA4D611A840A62001B4D5F /* Images.xcassets in Resources */,
			);
			runOnlyForDeploymentPostprocessing = 0;
		};
/* End PBXResourcesBuildPhase section */

/* Begin PBXSourcesBuildPhase section */
		EC4639A01A801D3800A5DAE0 /* Sources */ = {
			isa = PBXSourcesBuildPhase;
			buildActionMask = 2147483647;
			files = (
				EC4639DC1A82B6A700A5DAE0 /* AddReminderViewController.m in Sources */,
				EC4639D71A8038D700A5DAE0 /* Stack.m in Sources */,
				EC4639D41A8037A900A5DAE0 /* Queue.m in Sources */,
				EC4639AD1A801D3800A5DAE0 /* AppDelegate.m in Sources */,
				EC4639AA1A801D3800A5DAE0 /* main.m in Sources */,
				EC4639CF1A801F4300A5DAE0 /* MapViewController.m in Sources */,
			);
			runOnlyForDeploymentPostprocessing = 0;
		};
		EC4639B91A801D3800A5DAE0 /* Sources */ = {
			isa = PBXSourcesBuildPhase;
			buildActionMask = 2147483647;
			files = (
				EC4639C41A801D3800A5DAE0 /* Location_RemindersTests.m in Sources */,
			);
			runOnlyForDeploymentPostprocessing = 0;
		};
		ECCA4D401A840A62001B4D5F /* Sources */ = {
			isa = PBXSourcesBuildPhase;
			buildActionMask = 2147483647;
			files = (
				ECCA4D4E1A840A62001B4D5F /* NotificationController.m in Sources */,
				ECCA4D4B1A840A62001B4D5F /* InterfaceController.m in Sources */,
				ECCA4D511A840A62001B4D5F /* GlanceController.m in Sources */,
			);
			runOnlyForDeploymentPostprocessing = 0;
		};
/* End PBXSourcesBuildPhase section */

/* Begin PBXTargetDependency section */
		EC4639BF1A801D3800A5DAE0 /* PBXTargetDependency */ = {
			isa = PBXTargetDependency;
			target = EC4639A31A801D3800A5DAE0 /* Location_Reminders */;
			targetProxy = EC4639BE1A801D3800A5DAE0 /* PBXContainerItemProxy */;
		};
		ECCA4D591A840A62001B4D5F /* PBXTargetDependency */ = {
			isa = PBXTargetDependency;
			target = ECCA4D551A840A62001B4D5F /* Location_Reminders WatchKit App */;
			targetProxy = ECCA4D581A840A62001B4D5F /* PBXContainerItemProxy */;
		};
		ECCA4D631A840A62001B4D5F /* PBXTargetDependency */ = {
			isa = PBXTargetDependency;
			target = ECCA4D431A840A62001B4D5F /* Location_Reminders WatchKit Extension */;
			targetProxy = ECCA4D621A840A62001B4D5F /* PBXContainerItemProxy */;
		};
/* End PBXTargetDependency section */

/* Begin PBXVariantGroup section */
		EC4639B11A801D3800A5DAE0 /* Main.storyboard */ = {
			isa = PBXVariantGroup;
			children = (
				EC4639B21A801D3800A5DAE0 /* Base */,
			);
			name = Main.storyboard;
			sourceTree = "<group>";
		};
		EC4639B61A801D3800A5DAE0 /* LaunchScreen.xib */ = {
			isa = PBXVariantGroup;
			children = (
				EC4639B71A801D3800A5DAE0 /* Base */,
			);
			name = LaunchScreen.xib;
			sourceTree = "<group>";
		};
		ECCA4D5D1A840A62001B4D5F /* Interface.storyboard */ = {
			isa = PBXVariantGroup;
			children = (
				ECCA4D5E1A840A62001B4D5F /* Base */,
			);
			name = Interface.storyboard;
			sourceTree = "<group>";
		};
/* End PBXVariantGroup section */

/* Begin XCBuildConfiguration section */
		EC4639C51A801D3800A5DAE0 /* Debug */ = {
			isa = XCBuildConfiguration;
			buildSettings = {
				ALWAYS_SEARCH_USER_PATHS = NO;
				CLANG_CXX_LANGUAGE_STANDARD = "gnu++0x";
				CLANG_CXX_LIBRARY = "libc++";
				CLANG_ENABLE_MODULES = YES;
				CLANG_ENABLE_OBJC_ARC = YES;
				CLANG_WARN_BOOL_CONVERSION = YES;
				CLANG_WARN_CONSTANT_CONVERSION = YES;
				CLANG_WARN_DIRECT_OBJC_ISA_USAGE = YES_ERROR;
				CLANG_WARN_EMPTY_BODY = YES;
				CLANG_WARN_ENUM_CONVERSION = YES;
				CLANG_WARN_INT_CONVERSION = YES;
				CLANG_WARN_OBJC_ROOT_CLASS = YES_ERROR;
				CLANG_WARN_UNREACHABLE_CODE = YES;
				CLANG_WARN__DUPLICATE_METHOD_MATCH = YES;
				"CODE_SIGN_IDENTITY[sdk=iphoneos*]" = "iPhone Developer";
				COPY_PHASE_STRIP = NO;
				ENABLE_STRICT_OBJC_MSGSEND = YES;
				GCC_C_LANGUAGE_STANDARD = gnu99;
				GCC_DYNAMIC_NO_PIC = NO;
				GCC_OPTIMIZATION_LEVEL = 0;
				GCC_PREPROCESSOR_DEFINITIONS = (
					"DEBUG=1",
					"$(inherited)",
				);
				GCC_SYMBOLS_PRIVATE_EXTERN = NO;
				GCC_WARN_64_TO_32_BIT_CONVERSION = YES;
				GCC_WARN_ABOUT_RETURN_TYPE = YES_ERROR;
				GCC_WARN_UNDECLARED_SELECTOR = YES;
				GCC_WARN_UNINITIALIZED_AUTOS = YES_AGGRESSIVE;
				GCC_WARN_UNUSED_FUNCTION = YES;
				GCC_WARN_UNUSED_VARIABLE = YES;
				IPHONEOS_DEPLOYMENT_TARGET = 8.1;
				MTL_ENABLE_DEBUG_INFO = YES;
				ONLY_ACTIVE_ARCH = YES;
				SDKROOT = iphoneos;
				TARGETED_DEVICE_FAMILY = "1,2";
			};
			name = Debug;
		};
		EC4639C61A801D3800A5DAE0 /* Release */ = {
			isa = XCBuildConfiguration;
			buildSettings = {
				ALWAYS_SEARCH_USER_PATHS = NO;
				CLANG_CXX_LANGUAGE_STANDARD = "gnu++0x";
				CLANG_CXX_LIBRARY = "libc++";
				CLANG_ENABLE_MODULES = YES;
				CLANG_ENABLE_OBJC_ARC = YES;
				CLANG_WARN_BOOL_CONVERSION = YES;
				CLANG_WARN_CONSTANT_CONVERSION = YES;
				CLANG_WARN_DIRECT_OBJC_ISA_USAGE = YES_ERROR;
				CLANG_WARN_EMPTY_BODY = YES;
				CLANG_WARN_ENUM_CONVERSION = YES;
				CLANG_WARN_INT_CONVERSION = YES;
				CLANG_WARN_OBJC_ROOT_CLASS = YES_ERROR;
				CLANG_WARN_UNREACHABLE_CODE = YES;
				CLANG_WARN__DUPLICATE_METHOD_MATCH = YES;
				"CODE_SIGN_IDENTITY[sdk=iphoneos*]" = "iPhone Developer";
				COPY_PHASE_STRIP = YES;
				ENABLE_NS_ASSERTIONS = NO;
				ENABLE_STRICT_OBJC_MSGSEND = YES;
				GCC_C_LANGUAGE_STANDARD = gnu99;
				GCC_WARN_64_TO_32_BIT_CONVERSION = YES;
				GCC_WARN_ABOUT_RETURN_TYPE = YES_ERROR;
				GCC_WARN_UNDECLARED_SELECTOR = YES;
				GCC_WARN_UNINITIALIZED_AUTOS = YES_AGGRESSIVE;
				GCC_WARN_UNUSED_FUNCTION = YES;
				GCC_WARN_UNUSED_VARIABLE = YES;
				IPHONEOS_DEPLOYMENT_TARGET = 8.1;
				MTL_ENABLE_DEBUG_INFO = NO;
				SDKROOT = iphoneos;
				TARGETED_DEVICE_FAMILY = "1,2";
				VALIDATE_PRODUCT = YES;
			};
			name = Release;
		};
		EC4639C81A801D3800A5DAE0 /* Debug */ = {
			isa = XCBuildConfiguration;
			buildSettings = {
				ASSETCATALOG_COMPILER_APPICON_NAME = AppIcon;
				INFOPLIST_FILE = Location_Reminders/Info.plist;
				LD_RUNPATH_SEARCH_PATHS = "$(inherited) @executable_path/Frameworks";
				PRODUCT_NAME = "$(TARGET_NAME)";
			};
			name = Debug;
		};
		EC4639C91A801D3800A5DAE0 /* Release */ = {
			isa = XCBuildConfiguration;
			buildSettings = {
				ASSETCATALOG_COMPILER_APPICON_NAME = AppIcon;
				INFOPLIST_FILE = Location_Reminders/Info.plist;
				LD_RUNPATH_SEARCH_PATHS = "$(inherited) @executable_path/Frameworks";
				PRODUCT_NAME = "$(TARGET_NAME)";
			};
			name = Release;
		};
		EC4639CB1A801D3800A5DAE0 /* Debug */ = {
			isa = XCBuildConfiguration;
			buildSettings = {
				BUNDLE_LOADER = "$(TEST_HOST)";
				FRAMEWORK_SEARCH_PATHS = (
					"$(SDKROOT)/Developer/Library/Frameworks",
					"$(inherited)",
				);
				GCC_PREPROCESSOR_DEFINITIONS = (
					"DEBUG=1",
					"$(inherited)",
				);
				INFOPLIST_FILE = Location_RemindersTests/Info.plist;
				LD_RUNPATH_SEARCH_PATHS = "$(inherited) @executable_path/Frameworks @loader_path/Frameworks";
				PRODUCT_NAME = "$(TARGET_NAME)";
				TEST_HOST = "$(BUILT_PRODUCTS_DIR)/Location_Reminders.app/Location_Reminders";
			};
			name = Debug;
		};
		EC4639CC1A801D3800A5DAE0 /* Release */ = {
			isa = XCBuildConfiguration;
			buildSettings = {
				BUNDLE_LOADER = "$(TEST_HOST)";
				FRAMEWORK_SEARCH_PATHS = (
					"$(SDKROOT)/Developer/Library/Frameworks",
					"$(inherited)",
				);
				INFOPLIST_FILE = Location_RemindersTests/Info.plist;
				LD_RUNPATH_SEARCH_PATHS = "$(inherited) @executable_path/Frameworks @loader_path/Frameworks";
				PRODUCT_NAME = "$(TARGET_NAME)";
				TEST_HOST = "$(BUILT_PRODUCTS_DIR)/Location_Reminders.app/Location_Reminders";
			};
			name = Release;
		};
		ECCA4D651A840A62001B4D5F /* Debug */ = {
			isa = XCBuildConfiguration;
			buildSettings = {
				GCC_PREPROCESSOR_DEFINITIONS = (
					"DEBUG=1",
					"$(inherited)",
				);
				INFOPLIST_FILE = "Location_Reminders WatchKit Extension/Info.plist";
				IPHONEOS_DEPLOYMENT_TARGET = 8.2;
				LD_RUNPATH_SEARCH_PATHS = "$(inherited) @executable_path/Frameworks @executable_path/../../Frameworks";
				PRODUCT_NAME = "${TARGET_NAME}";
				SKIP_INSTALL = YES;
			};
			name = Debug;
		};
		ECCA4D661A840A62001B4D5F /* Release */ = {
			isa = XCBuildConfiguration;
			buildSettings = {
				COPY_PHASE_STRIP = NO;
				INFOPLIST_FILE = "Location_Reminders WatchKit Extension/Info.plist";
				IPHONEOS_DEPLOYMENT_TARGET = 8.2;
				LD_RUNPATH_SEARCH_PATHS = "$(inherited) @executable_path/Frameworks @executable_path/../../Frameworks";
				PRODUCT_NAME = "${TARGET_NAME}";
				SKIP_INSTALL = YES;
			};
			name = Release;
		};
		ECCA4D671A840A62001B4D5F /* Debug */ = {
			isa = XCBuildConfiguration;
			buildSettings = {
				ASSETCATALOG_COMPILER_APPICON_NAME = AppIcon;
				GCC_PREPROCESSOR_DEFINITIONS = (
					"DEBUG=1",
					"$(inherited)",
				);
				IBSC_MODULE = Location_Reminders_WatchKit_Extension;
				INFOPLIST_FILE = "Location_Reminders WatchKit App/Info.plist";
				IPHONEOS_DEPLOYMENT_TARGET = 8.2;
				PRODUCT_NAME = "$(TARGET_NAME)";
				SKIP_INSTALL = YES;
				TARGETED_DEVICE_FAMILY = 4;
				"TARGETED_DEVICE_FAMILY[sdk=iphonesimulator*]" = "1,4";
			};
			name = Debug;
		};
		ECCA4D681A840A62001B4D5F /* Release */ = {
			isa = XCBuildConfiguration;
			buildSettings = {
				ASSETCATALOG_COMPILER_APPICON_NAME = AppIcon;
				COPY_PHASE_STRIP = NO;
				IBSC_MODULE = Location_Reminders_WatchKit_Extension;
				INFOPLIST_FILE = "Location_Reminders WatchKit App/Info.plist";
				IPHONEOS_DEPLOYMENT_TARGET = 8.2;
				PRODUCT_NAME = "$(TARGET_NAME)";
				SKIP_INSTALL = YES;
				TARGETED_DEVICE_FAMILY = 4;
				"TARGETED_DEVICE_FAMILY[sdk=iphonesimulator*]" = "1,4";
			};
			name = Release;
		};
/* End XCBuildConfiguration section */

/* Begin XCConfigurationList section */
		EC46399F1A801D3800A5DAE0 /* Build configuration list for PBXProject "Location_Reminders" */ = {
			isa = XCConfigurationList;
			buildConfigurations = (
				EC4639C51A801D3800A5DAE0 /* Debug */,
				EC4639C61A801D3800A5DAE0 /* Release */,
			);
			defaultConfigurationIsVisible = 0;
			defaultConfigurationName = Release;
		};
		EC4639C71A801D3800A5DAE0 /* Build configuration list for PBXNativeTarget "Location_Reminders" */ = {
			isa = XCConfigurationList;
			buildConfigurations = (
				EC4639C81A801D3800A5DAE0 /* Debug */,
				EC4639C91A801D3800A5DAE0 /* Release */,
			);
			defaultConfigurationIsVisible = 0;
			defaultConfigurationName = Release;
		};
		EC4639CA1A801D3800A5DAE0 /* Build configuration list for PBXNativeTarget "Location_RemindersTests" */ = {
			isa = XCConfigurationList;
			buildConfigurations = (
				EC4639CB1A801D3800A5DAE0 /* Debug */,
				EC4639CC1A801D3800A5DAE0 /* Release */,
			);
			defaultConfigurationIsVisible = 0;
			defaultConfigurationName = Release;
		};
		ECCA4D691A840A62001B4D5F /* Build configuration list for PBXNativeTarget "Location_Reminders WatchKit App" */ = {
			isa = XCConfigurationList;
			buildConfigurations = (
				ECCA4D671A840A62001B4D5F /* Debug */,
				ECCA4D681A840A62001B4D5F /* Release */,
			);
			defaultConfigurationIsVisible = 0;
		};
		ECCA4D6A1A840A62001B4D5F /* Build configuration list for PBXNativeTarget "Location_Reminders WatchKit Extension" */ = {
			isa = XCConfigurationList;
			buildConfigurations = (
				ECCA4D651A840A62001B4D5F /* Debug */,
				ECCA4D661A840A62001B4D5F /* Release */,
			);
			defaultConfigurationIsVisible = 0;
		};
/* End XCConfigurationList section */
	};
	rootObject = EC46399C1A801D3800A5DAE0 /* Project object */;
}
